
Microsoft Visual Studio Solution File, Format Version 12.00
# Visual Studio 15
VisualStudioVersion = 15.0.27703.2026
MinimumVisualStudioVersion = 10.0.40219.1
Project("{FAE04EC0-301F-11D3-BF4B-00C04F79EFBC}") = "Name", "Name\Name.csproj", "{95A198B3-EF25-479B-9412-79FD39F63E9E}"
EndProject
Global
	GlobalSection(SolutionConfigurationPlatforms) = preSolution
		Debug|Any CPU = Debug|Any CPU
		Release|Any CPU = Release|Any CPU
	EndGlobalSection
	GlobalSection(ProjectConfigurationPlatforms) = postSolution
		{95A198B3-EF25-479B-9412-79FD39F63E9E}.Debug|Any CPU.ActiveCfg = Debug|Any CPU
		{95A198B3-EF25-479B-9412-79FD39F63E9E}.Debug|Any CPU.Build.0 = Debug|Any CPU
		{95A198B3-EF25-479B-9412-79FD39F63E9E}.Release|Any CPU.ActiveCfg = Release|Any CPU
		{95A198B3-EF25-479B-9412-79FD39F63E9E}.Release|Any CPU.Build.0 = Release|Any CPU
	EndGlobalSection
	GlobalSection(SolutionProperties) = preSolution
		HideSolutionNode = FALSE
	EndGlobalSection
	GlobalSection(ExtensibilityGlobals) = postSolution
		SolutionGuid = {81339C89-27B8-451A-89B8-A6490B17B4FA}
	EndGlobalSection
EndGlobal
